
Microsoft Visual Studio Solution File, Format Version 12.00
# Visual Studio Version 17
VisualStudioVersion = 17.8.34330.188
MinimumVisualStudioVersion = 10.0.40219.1
Project("{FAE04EC0-301F-11D3-BF4B-00C04F79EFBC}") = "PP_lab9", "PP_lab9\PP_lab9.csproj", "{19E66CDE-C0CD-4DD7-BB8C-12971C2FD141}"
EndProject
Global
	GlobalSection(SolutionConfigurationPlatforms) = preSolution
		Debug|Any CPU = Debug|Any CPU
		Release|Any CPU = Release|Any CPU
	EndGlobalSection
	GlobalSection(ProjectConfigurationPlatforms) = postSolution
		{19E66CDE-C0CD-4DD7-BB8C-12971C2FD141}.Debug|Any CPU.ActiveCfg = Debug|Any CPU
		{19E66CDE-C0CD-4DD7-BB8C-12971C2FD141}.Debug|Any CPU.Build.0 = Debug|Any CPU
		{19E66CDE-C0CD-4DD7-BB8C-12971C2FD141}.Release|Any CPU.ActiveCfg = Release|Any CPU
		{19E66CDE-C0CD-4DD7-BB8C-12971C2FD141}.Release|Any CPU.Build.0 = Release|Any CPU
	EndGlobalSection
	GlobalSection(SolutionProperties) = preSolution
		HideSolutionNode = FALSE
	EndGlobalSection
	GlobalSection(ExtensibilityGlobals) = postSolution
		SolutionGuid = {C95648C7-98B8-443F-BBAC-2BB0E872260A}
	EndGlobalSection
EndGlobal
